// !$*UTF8*$!
{
	archiveVersion = 1;
	classes = {
	};
	objectVersion = 50;
	objects = {

/* Begin PBXBuildFile section */
		30EF0C88B0B6C8708540C251 /* Pods_DoubleSymmetry.framework in Frameworks */ = {isa = PBXBuildFile; fileRef = 43E5CFE44FA0298E0720021D /* Pods_DoubleSymmetry.framework */; };
		C30C9A4223AF337000451980 /* AppDelegate.swift in Sources */ = {isa = PBXBuildFile; fileRef = C30C9A4123AF337000451980 /* AppDelegate.swift */; };
		C30C9A4423AF337000451980 /* SceneDelegate.swift in Sources */ = {isa = PBXBuildFile; fileRef = C30C9A4323AF337000451980 /* SceneDelegate.swift */; };
		C30C9A4623AF337000451980 /* ViewController.swift in Sources */ = {isa = PBXBuildFile; fileRef = C30C9A4523AF337000451980 /* ViewController.swift */; };
		C30C9A4923AF337000451980 /* Main.storyboard in Resources */ = {isa = PBXBuildFile; fileRef = C30C9A4723AF337000451980 /* Main.storyboard */; };
		C30C9A4B23AF337100451980 /* Assets.xcassets in Resources */ = {isa = PBXBuildFile; fileRef = C30C9A4A23AF337100451980 /* Assets.xcassets */; };
		C30C9A4E23AF337100451980 /* LaunchScreen.storyboard in Resources */ = {isa = PBXBuildFile; fileRef = C30C9A4C23AF337100451980 /* LaunchScreen.storyboard */; };
/* End PBXBuildFile section */

/* Begin PBXFileReference section */
		233184CA341CB79E5DA4BECB /* Pods-DoubleSymmetry.debug.xcconfig */ = {isa = PBXFileReference; includeInIndex = 1; lastKnownFileType = text.xcconfig; name = "Pods-DoubleSymmetry.debug.xcconfig"; path = "Target Support Files/Pods-DoubleSymmetry/Pods-DoubleSymmetry.debug.xcconfig"; sourceTree = "<group>"; };
		25992D9D02538E163A5EFAB0 /* Pods-DoubleSymmetry.release.xcconfig */ = {isa = PBXFileReference; includeInIndex = 1; lastKnownFileType = text.xcconfig; name = "Pods-DoubleSymmetry.release.xcconfig"; path = "Target Support Files/Pods-DoubleSymmetry/Pods-DoubleSymmetry.release.xcconfig"; sourceTree = "<group>"; };
		43E5CFE44FA0298E0720021D /* Pods_DoubleSymmetry.framework */ = {isa = PBXFileReference; explicitFileType = wrapper.framework; includeInIndex = 0; path = Pods_DoubleSymmetry.framework; sourceTree = BUILT_PRODUCTS_DIR; };
		C30C9A3E23AF337000451980 /* DoubleSymmetry.app */ = {isa = PBXFileReference; explicitFileType = wrapper.application; includeInIndex = 0; path = DoubleSymmetry.app; sourceTree = BUILT_PRODUCTS_DIR; };
		C30C9A4123AF337000451980 /* AppDelegate.swift */ = {isa = PBXFileReference; lastKnownFileType = sourcecode.swift; path = AppDelegate.swift; sourceTree = "<group>"; };
		C30C9A4323AF337000451980 /* SceneDelegate.swift */ = {isa = PBXFileReference; lastKnownFileType = sourcecode.swift; path = SceneDelegate.swift; sourceTree = "<group>"; };
		C30C9A4523AF337000451980 /* ViewController.swift */ = {isa = PBXFileReference; lastKnownFileType = sourcecode.swift; path = ViewController.swift; sourceTree = "<group>"; };
		C30C9A4823AF337000451980 /* Base */ = {isa = PBXFileReference; lastKnownFileType = file.storyboard; name = Base; path = Base.lproj/Main.storyboard; sourceTree = "<group>"; };
		C30C9A4A23AF337100451980 /* Assets.xcassets */ = {isa = PBXFileReference; lastKnownFileType = folder.assetcatalog; path = Assets.xcassets; sourceTree = "<group>"; };
		C30C9A4D23AF337100451980 /* Base */ = {isa = PBXFileReference; lastKnownFileType = file.storyboard; name = Base; path = Base.lproj/LaunchScreen.storyboard; sourceTree = "<group>"; };
		C30C9A4F23AF337100451980 /* Info.plist */ = {isa = PBXFileReference; lastKnownFileType = text.plist.xml; path = Info.plist; sourceTree = "<group>"; };
/* End PBXFileReference section */

/* Begin PBXFrameworksBuildPhase section */
		C30C9A3B23AF337000451980 /* Frameworks */ = {
			isa = PBXFrameworksBuildPhase;
			buildActionMask = 2147483647;
			files = (
				30EF0C88B0B6C8708540C251 /* Pods_DoubleSymmetry.framework in Frameworks */,
			);
			runOnlyForDeploymentPostprocessing = 0;
		};
/* End PBXFrameworksBuildPhase section */

/* Begin PBXGroup section */
		1A135DC1C1FBABB5BD059AE4 /* Pods */ = {
			isa = PBXGroup;
			children = (
				233184CA341CB79E5DA4BECB /* Pods-DoubleSymmetry.debug.xcconfig */,
				25992D9D02538E163A5EFAB0 /* Pods-DoubleSymmetry.release.xcconfig */,
			);
			name = Pods;
			path = Pods;
			sourceTree = "<group>";
		};
		9B1F5FABE1709C208DC65C7C /* Frameworks */ = {
			isa = PBXGroup;
			children = (
				43E5CFE44FA0298E0720021D /* Pods_DoubleSymmetry.framework */,
			);
			name = Frameworks;
			sourceTree = "<group>";
		};
		C30C9A3523AF337000451980 = {
			isa = PBXGroup;
			children = (
				C30C9A4023AF337000451980 /* DoubleSymmetry */,
				C30C9A3F23AF337000451980 /* Products */,
				1A135DC1C1FBABB5BD059AE4 /* Pods */,
				9B1F5FABE1709C208DC65C7C /* Frameworks */,
			);
			sourceTree = "<group>";
		};
		C30C9A3F23AF337000451980 /* Products */ = {
			isa = PBXGroup;
			children = (
				C30C9A3E23AF337000451980 /* DoubleSymmetry.app */,
			);
			name = Products;
			sourceTree = "<group>";
		};
		C30C9A4023AF337000451980 /* DoubleSymmetry */ = {
			isa = PBXGroup;
			children = (
				C30C9A4123AF337000451980 /* AppDelegate.swift */,
				C30C9A4323AF337000451980 /* SceneDelegate.swift */,
				C30C9A4523AF337000451980 /* ViewController.swift */,
				C30C9A4723AF337000451980 /* Main.storyboard */,
				C30C9A4A23AF337100451980 /* Assets.xcassets */,
				C30C9A4C23AF337100451980 /* LaunchScreen.storyboard */,
				C30C9A4F23AF337100451980 /* Info.plist */,
			);
			path = DoubleSymmetry;
			sourceTree = "<group>";
		};
/* End PBXGroup section */

/* Begin PBXNativeTarget section */
		C30C9A3D23AF337000451980 /* DoubleSymmetry */ = {
			isa = PBXNativeTarget;
			buildConfigurationList = C30C9A5223AF337100451980 /* Build configuration list for PBXNativeTarget "DoubleSymmetry" */;
			buildPhases = (
				FC411DB82F69F9CD4CFC232D /* [CP] Check Pods Manifest.lock */,
				C30C9A3A23AF337000451980 /* Sources */,
				C30C9A3B23AF337000451980 /* Frameworks */,
				C30C9A3C23AF337000451980 /* Resources */,
				2B85DD5AA411E234E94DFD3F /* [CP] Embed Pods Frameworks */,
			);
			buildRules = (
			);
			dependencies = (
			);
			name = DoubleSymmetry;
			productName = DoubleSymmetry;
			productReference = C30C9A3E23AF337000451980 /* DoubleSymmetry.app */;
			productType = "com.apple.product-type.application";
		};
/* End PBXNativeTarget section */

/* Begin PBXProject section */
		C30C9A3623AF337000451980 /* Project object */ = {
			isa = PBXProject;
			attributes = {
				LastSwiftUpdateCheck = 1110;
				LastUpgradeCheck = 1110;
				ORGANIZATIONNAME = naresh;
				TargetAttributes = {
					C30C9A3D23AF337000451980 = {
						CreatedOnToolsVersion = 11.1;
					};
				};
			};
			buildConfigurationList = C30C9A3923AF337000451980 /* Build configuration list for PBXProject "DoubleSymmetry" */;
			compatibilityVersion = "Xcode 9.3";
			developmentRegion = en;
			hasScannedForEncodings = 0;
			knownRegions = (
				en,
				Base,
			);
			mainGroup = C30C9A3523AF337000451980;
			productRefGroup = C30C9A3F23AF337000451980 /* Products */;
			projectDirPath = "";
			projectRoot = "";
			targets = (
				C30C9A3D23AF337000451980 /* DoubleSymmetry */,
			);
		};
/* End PBXProject section */

/* Begin PBXResourcesBuildPhase section */
		C30C9A3C23AF337000451980 /* Resources */ = {
			isa = PBXResourcesBuildPhase;
			buildActionMask = 2147483647;
			files = (
				C30C9A4E23AF337100451980 /* LaunchScreen.storyboard in Resources */,
				C30C9A4B23AF337100451980 /* Assets.xcassets in Resources */,
				C30C9A4923AF337000451980 /* Main.storyboard in Resources */,
			);
			runOnlyForDeploymentPostprocessing = 0;
		};
/* End PBXResourcesBuildPhase section */

/* Begin PBXShellScriptBuildPhase section */
		2B85DD5AA411E234E94DFD3F /* [CP] Embed Pods Frameworks */ = {
			isa = PBXShellScriptBuildPhase;
			buildActionMask = 2147483647;
			files = (
			);
			inputFileListPaths = (
				"${PODS_ROOT}/Target Support Files/Pods-DoubleSymmetry/Pods-DoubleSymmetry-frameworks-${CONFIGURATION}-input-files.xcfilelist",
			);
			name = "[CP] Embed Pods Frameworks";
			outputFileListPaths = (
				"${PODS_ROOT}/Target Support Files/Pods-DoubleSymmetry/Pods-DoubleSymmetry-frameworks-${CONFIGURATION}-output-files.xcfilelist",
			);
			runOnlyForDeploymentPostprocessing = 0;
			shellPath = /bin/sh;
			shellScript = "\"${PODS_ROOT}/Target Support Files/Pods-DoubleSymmetry/Pods-DoubleSymmetry-frameworks.sh\"\n";
			showEnvVarsInLog = 0;
		};
		FC411DB82F69F9CD4CFC232D /* [CP] Check Pods Manifest.lock */ = {
			isa = PBXShellScriptBuildPhase;
			buildActionMask = 2147483647;
			files = (
			);
			inputFileListPaths = (
			);
			inputPaths = (
				"${PODS_PODFILE_DIR_PATH}/Podfile.lock",
				"${PODS_ROOT}/Manifest.lock",
			);
			name = "[CP] Check Pods Manifest.lock";
			outputFileListPaths = (
			);
			outputPaths = (
				"$(DERIVED_FILE_DIR)/Pods-DoubleSymmetry-checkManifestLockResult.txt",
			);
			runOnlyForDeploymentPostprocessing = 0;
			shellPath = /bin/sh;
			shellScript = "diff \"${PODS_PODFILE_DIR_PATH}/Podfile.lock\" \"${PODS_ROOT}/Manifest.lock\" > /dev/null\nif [ $? != 0 ] ; then\n    # print error to STDERR\n    echo \"error: The sandbox is not in sync with the Podfile.lock. Run 'pod install' or update your CocoaPods installation.\" >&2\n    exit 1\nfi\n# This output is used by Xcode 'outputs' to avoid re-running this script phase.\necho \"SUCCESS\" > \"${SCRIPT_OUTPUT_FILE_0}\"\n";
			showEnvVarsInLog = 0;
		};
/* End PBXShellScriptBuildPhase section */

/* Begin PBXSourcesBuildPhase section */
		C30C9A3A23AF337000451980 /* Sources */ = {
			isa = PBXSourcesBuildPhase;
			buildActionMask = 2147483647;
			files = (
				C30C9A4623AF337000451980 /* ViewController.swift in Sources */,
				C30C9A4223AF337000451980 /* AppDelegate.swift in Sources */,
				C30C9A4423AF337000451980 /* SceneDelegate.swift in Sources */,
			);
			runOnlyForDeploymentPostprocessing = 0;
		};
/* End PBXSourcesBuildPhase section */

/* Begin PBXVariantGroup section */
		C30C9A4723AF337000451980 /* Main.storyboard */ = {
			isa = PBXVariantGroup;
			children = (
				C30C9A4823AF337000451980 /* Base */,
			);
			name = Main.storyboard;
			sourceTree = "<group>";
		};
		C30C9A4C23AF337100451980 /* LaunchScreen.storyboard */ = {
			isa = PBXVariantGroup;
			children = (
				C30C9A4D23AF337100451980 /* Base */,
			);
			name = LaunchScreen.storyboard;
			sourceTree = "<group>";
		};
/* End PBXVariantGroup section */

/* Begin XCBuildConfiguration section */
		C30C9A5023AF337100451980 /* Debug */ = {
			isa = XCBuildConfiguration;
			buildSettings = {
				ALWAYS_SEARCH_USER_PATHS = NO;
				CLANG_ANALYZER_NONNULL = YES;
				CLANG_ANALYZER_NUMBER_OBJECT_CONVERSION = YES_AGGRESSIVE;
				CLANG_CXX_LANGUAGE_STANDARD = "gnu++14";
				CLANG_CXX_LIBRARY = "libc++";
				CLANG_ENABLE_MODULES = YES;
				CLANG_ENABLE_OBJC_ARC = YES;
				CLANG_ENABLE_OBJC_WEAK = YES;
				CLANG_WARN_BLOCK_CAPTURE_AUTORELEASING = YES;
				CLANG_WARN_BOOL_CONVERSION = YES;
				CLANG_WARN_COMMA = YES;
				CLANG_WARN_CONSTANT_CONVERSION = YES;
				CLANG_WARN_DEPRECATED_OBJC_IMPLEMENTATIONS = YES;
				CLANG_WARN_DIRECT_OBJC_ISA_USAGE = YES_ERROR;
				CLANG_WARN_DOCUMENTATION_COMMENTS = YES;
				CLANG_WARN_EMPTY_BODY = YES;
				CLANG_WARN_ENUM_CONVERSION = YES;
				CLANG_WARN_INFINITE_RECURSION = YES;
				CLANG_WARN_INT_CONVERSION = YES;
				CLANG_WARN_NON_LITERAL_NULL_CONVERSION = YES;
				CLANG_WARN_OBJC_IMPLICIT_RETAIN_SELF = YES;
				CLANG_WARN_OBJC_LITERAL_CONVERSION = YES;
				CLANG_WARN_OBJC_ROOT_CLASS = YES_ERROR;
				CLANG_WARN_RANGE_LOOP_ANALYSIS = YES;
				CLANG_WARN_STRICT_PROTOTYPES = YES;
				CLANG_WARN_SUSPICIOUS_MOVE = YES;
				CLANG_WARN_UNGUARDED_AVAILABILITY = YES_AGGRESSIVE;
				CLANG_WARN_UNREACHABLE_CODE = YES;
				CLANG_WARN__DUPLICATE_METHOD_MATCH = YES;
				COPY_PHASE_STRIP = NO;
				DEBUG_INFORMATION_FORMAT = dwarf;
				ENABLE_STRICT_OBJC_MSGSEND = YES;
				ENABLE_TESTABILITY = YES;
				GCC_C_LANGUAGE_STANDARD = gnu11;
				GCC_DYNAMIC_NO_PIC = NO;
				GCC_NO_COMMON_BLOCKS = YES;
				GCC_OPTIMIZATION_LEVEL = 0;
				GCC_PREPROCESSOR_DEFINITIONS = (
					"DEBUG=1",
					"$(inherited)",
				);
				GCC_WARN_64_TO_32_BIT_CONVERSION = YES;
				GCC_WARN_ABOUT_RETURN_TYPE = YES_ERROR;
				GCC_WARN_UNDECLARED_SELECTOR = YES;
				GCC_WARN_UNINITIALIZED_AUTOS = YES_AGGRESSIVE;
				GCC_WARN_UNUSED_FUNCTION = YES;
				GCC_WARN_UNUSED_VARIABLE = YES;
				IPHONEOS_DEPLOYMENT_TARGET = 13.1;
				MTL_ENABLE_DEBUG_INFO = INCLUDE_SOURCE;
				MTL_FAST_MATH = YES;
				ONLY_ACTIVE_ARCH = YES;
				SDKROOT = iphoneos;
				SWIFT_ACTIVE_COMPILATION_CONDITIONS = DEBUG;
				SWIFT_OPTIMIZATION_LEVEL = "-Onone";
			};
			name = Debug;
		};
		C30C9A5123AF337100451980 /* Release */ = {
			isa = XCBuildConfiguration;
			buildSettings = {
				ALWAYS_SEARCH_USER_PATHS = NO;
				CLANG_ANALYZER_NONNULL = YES;
				CLANG_ANALYZER_NUMBER_OBJECT_CONVERSION = YES_AGGRESSIVE;
				CLANG_CXX_LANGUAGE_STANDARD = "gnu++14";
				CLANG_CXX_LIBRARY = "libc++";
				CLANG_ENABLE_MODULES = YES;
				CLANG_ENABLE_OBJC_ARC = YES;
				CLANG_ENABLE_OBJC_WEAK = YES;
				CLANG_WARN_BLOCK_CAPTURE_AUTORELEASING = YES;
				CLANG_WARN_BOOL_CONVERSION = YES;
				CLANG_WARN_COMMA = YES;
				CLANG_WARN_CONSTANT_CONVERSION = YES;
				CLANG_WARN_DEPRECATED_OBJC_IMPLEMENTATIONS = YES;
				CLANG_WARN_DIRECT_OBJC_ISA_USAGE = YES_ERROR;
				CLANG_WARN_DOCUMENTATION_COMMENTS = YES;
				CLANG_WARN_EMPTY_BODY = YES;
				CLANG_WARN_ENUM_CONVERSION = YES;
				CLANG_WARN_INFINITE_RECURSION = YES;
				CLANG_WARN_INT_CONVERSION = YES;
				CLANG_WARN_NON_LITERAL_NULL_CONVERSION = YES;
				CLANG_WARN_OBJC_IMPLICIT_RETAIN_SELF = YES;
				CLANG_WARN_OBJC_LITERAL_CONVERSION = YES;
				CLANG_WARN_OBJC_ROOT_CLASS = YES_ERROR;
				CLANG_WARN_RANGE_LOOP_ANALYSIS = YES;
				CLANG_WARN_STRICT_PROTOTYPES = YES;
				CLANG_WARN_SUSPICIOUS_MOVE = YES;
				CLANG_WARN_UNGUARDED_AVAILABILITY = YES_AGGRESSIVE;
				CLANG_WARN_UNREACHABLE_CODE = YES;
				CLANG_WARN__DUPLICATE_METHOD_MATCH = YES;
				COPY_PHASE_STRIP = NO;
				DEBUG_INFORMATION_FORMAT = "dwarf-with-dsym";
				ENABLE_NS_ASSERTIONS = NO;
				ENABLE_STRICT_OBJC_MSGSEND = YES;
				GCC_C_LANGUAGE_STANDARD = gnu11;
				GCC_NO_COMMON_BLOCKS = YES;
				GCC_WARN_64_TO_32_BIT_CONVERSION = YES;
				GCC_WARN_ABOUT_RETURN_TYPE = YES_ERROR;
				GCC_WARN_UNDECLARED_SELECTOR = YES;
				GCC_WARN_UNINITIALIZED_AUTOS = YES_AGGRESSIVE;
				GCC_WARN_UNUSED_FUNCTION = YES;
				GCC_WARN_UNUSED_VARIABLE = YES;
				IPHONEOS_DEPLOYMENT_TARGET = 13.1;
				MTL_ENABLE_DEBUG_INFO = NO;
				MTL_FAST_MATH = YES;
				SDKROOT = iphoneos;
				SWIFT_COMPILATION_MODE = wholemodule;
				SWIFT_OPTIMIZATION_LEVEL = "-O";
				VALIDATE_PRODUCT = YES;
			};
			name = Release;
		};
		C30C9A5323AF337100451980 /* Debug */ = {
			isa = XCBuildConfiguration;
			baseConfigurationReference = 233184CA341CB79E5DA4BECB /* Pods-DoubleSymmetry.debug.xcconfig */;
			buildSettings = {
				ASSETCATALOG_COMPILER_APPICON_NAME = AppIcon;
				CODE_SIGN_STYLE = Automatic;
				INFOPLIST_FILE = DoubleSymmetry/Info.plist;
				LD_RUNPATH_SEARCH_PATHS = (
					"$(inherited)",
					"@executable_path/Frameworks",
				);
				PRODUCT_BUNDLE_IDENTIFIER = com.DoubleSymmetry;
				PRODUCT_NAME = "$(TARGET_NAME)";
				SWIFT_VERSION = 5.0;
				TARGETED_DEVICE_FAMILY = "1,2";
			};
			name = Debug;
		};
		C30C9A5423AF337100451980 /* Release */ = {
			isa = XCBuildConfiguration;
			baseConfigurationReference = 25992D9D02538E163A5EFAB0 /* Pods-DoubleSymmetry.release.xcconfig */;
			buildSettings = {
				ASSETCATALOG_COMPILER_APPICON_NAME = AppIcon;
				CODE_SIGN_STYLE = Automatic;
				INFOPLIST_FILE = DoubleSymmetry/Info.plist;
				LD_RUNPATH_SEARCH_PATHS = (
					"$(inherited)",
					"@executable_path/Frameworks",
				);
				PRODUCT_BUNDLE_IDENTIFIER = com.DoubleSymmetry;
				PRODUCT_NAME = "$(TARGET_NAME)";
				SWIFT_VERSION = 5.0;
				TARGETED_DEVICE_FAMILY = "1,2";
			};
			name = Release;
		};
/* End XCBuildConfiguration section */

/* Begin XCConfigurationList section */
		C30C9A3923AF337000451980 /* Build configuration list for PBXProject "DoubleSymmetry" */ = {
			isa = XCConfigurationList;
			buildConfigurations = (
				C30C9A5023AF337100451980 /* Debug */,
				C30C9A5123AF337100451980 /* Release */,
			);
			defaultConfigurationIsVisible = 0;
			defaultConfigurationName = Release;
		};
		C30C9A5223AF337100451980 /* Build configuration list for PBXNativeTarget "DoubleSymmetry" */ = {
			isa = XCConfigurationList;
			buildConfigurations = (
				C30C9A5323AF337100451980 /* Debug */,
				C30C9A5423AF337100451980 /* Release */,
			);
			defaultConfigurationIsVisible = 0;
			defaultConfigurationName = Release;
		};
/* End XCConfigurationList section */
	};
	rootObject = C30C9A3623AF337000451980 /* Project object */;
}
